
Microsoft Visual Studio Solution File, Format Version 12.00
# Visual Studio 15
VisualStudioVersion = 15.0.26124.0
MinimumVisualStudioVersion = 15.0.26124.0
Project("{2150E333-8FDC-42A3-9474-1A3956D46DE8}") = "src", "src", "{CCA22CD1-A0E1-4BAC-B3FA-C42897BEC72A}"
EndProject
Project("{FAE04EC0-301F-11D3-BF4B-00C04F79EFBC}") = "DevIO.App", "src\DevIO.App\DevIO.App.csproj", "{B701785D-A700-41A8-950E-E251D02BBF69}"
EndProject
Project("{FAE04EC0-301F-11D3-BF4B-00C04F79EFBC}") = "DevIO.Data", "src\DevIO.Data\DevIO.Data.csproj", "{201AB90A-21D6-4A72-91FF-2C8110B6B491}"
EndProject
Project("{FAE04EC0-301F-11D3-BF4B-00C04F79EFBC}") = "DevIO.Business", "src\DevIO.Business\DevIO.Business.csproj", "{47A0E652-DF85-443B-BD6B-AB9FBF637C7E}"
EndProject
Global
	GlobalSection(SolutionConfigurationPlatforms) = preSolution
		Debug|Any CPU = Debug|Any CPU
		Debug|x64 = Debug|x64
		Debug|x86 = Debug|x86
		Release|Any CPU = Release|Any CPU
		Release|x64 = Release|x64
		Release|x86 = Release|x86
	EndGlobalSection
	GlobalSection(SolutionProperties) = preSolution
		HideSolutionNode = FALSE
	EndGlobalSection
	GlobalSection(ProjectConfigurationPlatforms) = postSolution
		{B701785D-A700-41A8-950E-E251D02BBF69}.Debug|Any CPU.ActiveCfg = Debug|Any CPU
		{B701785D-A700-41A8-950E-E251D02BBF69}.Debug|Any CPU.Build.0 = Debug|Any CPU
		{B701785D-A700-41A8-950E-E251D02BBF69}.Debug|x64.ActiveCfg = Debug|Any CPU
		{B701785D-A700-41A8-950E-E251D02BBF69}.Debug|x64.Build.0 = Debug|Any CPU
		{B701785D-A700-41A8-950E-E251D02BBF69}.Debug|x86.ActiveCfg = Debug|Any CPU
		{B701785D-A700-41A8-950E-E251D02BBF69}.Debug|x86.Build.0 = Debug|Any CPU
		{B701785D-A700-41A8-950E-E251D02BBF69}.Release|Any CPU.ActiveCfg = Release|Any CPU
		{B701785D-A700-41A8-950E-E251D02BBF69}.Release|Any CPU.Build.0 = Release|Any CPU
		{B701785D-A700-41A8-950E-E251D02BBF69}.Release|x64.ActiveCfg = Release|Any CPU
		{B701785D-A700-41A8-950E-E251D02BBF69}.Release|x64.Build.0 = Release|Any CPU
		{B701785D-A700-41A8-950E-E251D02BBF69}.Release|x86.ActiveCfg = Release|Any CPU
		{B701785D-A700-41A8-950E-E251D02BBF69}.Release|x86.Build.0 = Release|Any CPU
		{201AB90A-21D6-4A72-91FF-2C8110B6B491}.Debug|Any CPU.ActiveCfg = Debug|Any CPU
		{201AB90A-21D6-4A72-91FF-2C8110B6B491}.Debug|Any CPU.Build.0 = Debug|Any CPU
		{201AB90A-21D6-4A72-91FF-2C8110B6B491}.Debug|x64.ActiveCfg = Debug|Any CPU
		{201AB90A-21D6-4A72-91FF-2C8110B6B491}.Debug|x64.Build.0 = Debug|Any CPU
		{201AB90A-21D6-4A72-91FF-2C8110B6B491}.Debug|x86.ActiveCfg = Debug|Any CPU
		{201AB90A-21D6-4A72-91FF-2C8110B6B491}.Debug|x86.Build.0 = Debug|Any CPU
		{201AB90A-21D6-4A72-91FF-2C8110B6B491}.Release|Any CPU.ActiveCfg = Release|Any CPU
		{201AB90A-21D6-4A72-91FF-2C8110B6B491}.Release|Any CPU.Build.0 = Release|Any CPU
		{201AB90A-21D6-4A72-91FF-2C8110B6B491}.Release|x64.ActiveCfg = Release|Any CPU
		{201AB90A-21D6-4A72-91FF-2C8110B6B491}.Release|x64.Build.0 = Release|Any CPU
		{201AB90A-21D6-4A72-91FF-2C8110B6B491}.Release|x86.ActiveCfg = Release|Any CPU
		{201AB90A-21D6-4A72-91FF-2C8110B6B491}.Release|x86.Build.0 = Release|Any CPU
		{47A0E652-DF85-443B-BD6B-AB9FBF637C7E}.Debug|Any CPU.ActiveCfg = Debug|Any CPU
		{47A0E652-DF85-443B-BD6B-AB9FBF637C7E}.Debug|Any CPU.Build.0 = Debug|Any CPU
		{47A0E652-DF85-443B-BD6B-AB9FBF637C7E}.Debug|x64.ActiveCfg = Debug|Any CPU
		{47A0E652-DF85-443B-BD6B-AB9FBF637C7E}.Debug|x64.Build.0 = Debug|Any CPU
		{47A0E652-DF85-443B-BD6B-AB9FBF637C7E}.Debug|x86.ActiveCfg = Debug|Any CPU
		{47A0E652-DF85-443B-BD6B-AB9FBF637C7E}.Debug|x86.Build.0 = Debug|Any CPU
		{47A0E652-DF85-443B-BD6B-AB9FBF637C7E}.Release|Any CPU.ActiveCfg = Release|Any CPU
		{47A0E652-DF85-443B-BD6B-AB9FBF637C7E}.Release|Any CPU.Build.0 = Release|Any CPU
		{47A0E652-DF85-443B-BD6B-AB9FBF637C7E}.Release|x64.ActiveCfg = Release|Any CPU
		{47A0E652-DF85-443B-BD6B-AB9FBF637C7E}.Release|x64.Build.0 = Release|Any CPU
		{47A0E652-DF85-443B-BD6B-AB9FBF637C7E}.Release|x86.ActiveCfg = Release|Any CPU
		{47A0E652-DF85-443B-BD6B-AB9FBF637C7E}.Release|x86.Build.0 = Release|Any CPU
	EndGlobalSection
	GlobalSection(NestedProjects) = preSolution
		{B701785D-A700-41A8-950E-E251D02BBF69} = {CCA22CD1-A0E1-4BAC-B3FA-C42897BEC72A}
		{201AB90A-21D6-4A72-91FF-2C8110B6B491} = {CCA22CD1-A0E1-4BAC-B3FA-C42897BEC72A}
		{47A0E652-DF85-443B-BD6B-AB9FBF637C7E} = {CCA22CD1-A0E1-4BAC-B3FA-C42897BEC72A}
	EndGlobalSection
EndGlobal
