
Microsoft Visual Studio Solution File, Format Version 12.00
# Visual Studio 15
VisualStudioVersion = 15.0.26124.0
MinimumVisualStudioVersion = 15.0.26124.0
Project("{2150E333-8FDC-42A3-9474-1A3956D46DE8}") = "src", "src", "{5F4DBADA-6FEA-4EE7-820B-C5425CC3CA55}"
EndProject
Project("{FAE04EC0-301F-11D3-BF4B-00C04F79EFBC}") = "CMSOFT.AppModelo", "src\CMSOFT.AppModelo\CMSOFT.AppModelo.csproj", "{C5255734-E95B-46C5-8D01-A798463D434A}"
EndProject
Global
	GlobalSection(SolutionConfigurationPlatforms) = preSolution
		Debug|Any CPU = Debug|Any CPU
		Debug|x64 = Debug|x64
		Debug|x86 = Debug|x86
		Release|Any CPU = Release|Any CPU
		Release|x64 = Release|x64
		Release|x86 = Release|x86
	EndGlobalSection
	GlobalSection(SolutionProperties) = preSolution
		HideSolutionNode = FALSE
	EndGlobalSection
	GlobalSection(ProjectConfigurationPlatforms) = postSolution
		{C5255734-E95B-46C5-8D01-A798463D434A}.Debug|Any CPU.ActiveCfg = Debug|Any CPU
		{C5255734-E95B-46C5-8D01-A798463D434A}.Debug|Any CPU.Build.0 = Debug|Any CPU
		{C5255734-E95B-46C5-8D01-A798463D434A}.Debug|x64.ActiveCfg = Debug|Any CPU
		{C5255734-E95B-46C5-8D01-A798463D434A}.Debug|x64.Build.0 = Debug|Any CPU
		{C5255734-E95B-46C5-8D01-A798463D434A}.Debug|x86.ActiveCfg = Debug|Any CPU
		{C5255734-E95B-46C5-8D01-A798463D434A}.Debug|x86.Build.0 = Debug|Any CPU
		{C5255734-E95B-46C5-8D01-A798463D434A}.Release|Any CPU.ActiveCfg = Release|Any CPU
		{C5255734-E95B-46C5-8D01-A798463D434A}.Release|Any CPU.Build.0 = Release|Any CPU
		{C5255734-E95B-46C5-8D01-A798463D434A}.Release|x64.ActiveCfg = Release|Any CPU
		{C5255734-E95B-46C5-8D01-A798463D434A}.Release|x64.Build.0 = Release|Any CPU
		{C5255734-E95B-46C5-8D01-A798463D434A}.Release|x86.ActiveCfg = Release|Any CPU
		{C5255734-E95B-46C5-8D01-A798463D434A}.Release|x86.Build.0 = Release|Any CPU
	EndGlobalSection
	GlobalSection(NestedProjects) = preSolution
		{C5255734-E95B-46C5-8D01-A798463D434A} = {5F4DBADA-6FEA-4EE7-820B-C5425CC3CA55}
	EndGlobalSection
EndGlobal
